// !$*UTF8*$!
{
	archiveVersion = 1;
	classes = {
	};
	objectVersion = 46;
	objects = {

/* Begin PBXBuildFile section */
		81BE279A18F8B98200FC0EB6 /* Foundation.framework in Frameworks */ = {isa = PBXBuildFile; fileRef = 81BE279918F8B98200FC0EB6 /* Foundation.framework */; };
		81BE279C18F8B98200FC0EB6 /* CoreGraphics.framework in Frameworks */ = {isa = PBXBuildFile; fileRef = 81BE279B18F8B98200FC0EB6 /* CoreGraphics.framework */; };
		81BE279E18F8B98200FC0EB6 /* UIKit.framework in Frameworks */ = {isa = PBXBuildFile; fileRef = 81BE279D18F8B98200FC0EB6 /* UIKit.framework */; };
		81BE27A418F8B98200FC0EB6 /* InfoPlist.strings in Resources */ = {isa = PBXBuildFile; fileRef = 81BE27A218F8B98200FC0EB6 /* InfoPlist.strings */; };
		81BE27A618F8B98200FC0EB6 /* main.m in Sources */ = {isa = PBXBuildFile; fileRef = 81BE27A518F8B98200FC0EB6 /* main.m */; };
		81BE27AA18F8B98200FC0EB6 /* AppDelegate.m in Sources */ = {isa = PBXBuildFile; fileRef = 81BE27A918F8B98200FC0EB6 /* AppDelegate.m */; };
		81BE27AD18F8B98200FC0EB6 /* Main.storyboard in Resources */ = {isa = PBXBuildFile; fileRef = 81BE27AB18F8B98200FC0EB6 /* Main.storyboard */; };
		81BE27B018F8B98200FC0EB6 /* HelpeeViewController.m in Sources */ = {isa = PBXBuildFile; fileRef = 81BE27AF18F8B98200FC0EB6 /* HelpeeViewController.m */; };
		81BE27B218F8B98200FC0EB6 /* Images.xcassets in Resources */ = {isa = PBXBuildFile; fileRef = 81BE27B118F8B98200FC0EB6 /* Images.xcassets */; };
		81BE27B918F8B98200FC0EB6 /* XCTest.framework in Frameworks */ = {isa = PBXBuildFile; fileRef = 81BE27B818F8B98200FC0EB6 /* XCTest.framework */; };
		81BE27BA18F8B98200FC0EB6 /* Foundation.framework in Frameworks */ = {isa = PBXBuildFile; fileRef = 81BE279918F8B98200FC0EB6 /* Foundation.framework */; };
		81BE27BB18F8B98200FC0EB6 /* UIKit.framework in Frameworks */ = {isa = PBXBuildFile; fileRef = 81BE279D18F8B98200FC0EB6 /* UIKit.framework */; };
		81BE27C318F8B98200FC0EB6 /* InfoPlist.strings in Resources */ = {isa = PBXBuildFile; fileRef = 81BE27C118F8B98200FC0EB6 /* InfoPlist.strings */; };
		81BE27C518F8B98200FC0EB6 /* HelpTests.m in Sources */ = {isa = PBXBuildFile; fileRef = 81BE27C418F8B98200FC0EB6 /* HelpTests.m */; };
		81BE27CF18F8C05300FC0EB6 /* MapKit.framework in Frameworks */ = {isa = PBXBuildFile; fileRef = 81BE27CE18F8C05300FC0EB6 /* MapKit.framework */; };
		81BE27D218F8EB2100FC0EB6 /* HelperViewController.m in Sources */ = {isa = PBXBuildFile; fileRef = 81BE27D118F8EB2100FC0EB6 /* HelperViewController.m */; };
		81BE27D418F8F80B00FC0EB6 /* CoreLocation.framework in Frameworks */ = {isa = PBXBuildFile; fileRef = 81BE27D318F8F80B00FC0EB6 /* CoreLocation.framework */; };
		81BE27D718F90ACF00FC0EB6 /* CustomAnnotation.m in Sources */ = {isa = PBXBuildFile; fileRef = 81BE27D618F90ACF00FC0EB6 /* CustomAnnotation.m */; };
/* End PBXBuildFile section */

/* Begin PBXContainerItemProxy section */
		81BE27BC18F8B98200FC0EB6 /* PBXContainerItemProxy */ = {
			isa = PBXContainerItemProxy;
			containerPortal = 81BE278E18F8B98200FC0EB6 /* Project object */;
			proxyType = 1;
			remoteGlobalIDString = 81BE279518F8B98200FC0EB6;
			remoteInfo = Help;
		};
/* End PBXContainerItemProxy section */

/* Begin PBXFileReference section */
		81BE279618F8B98200FC0EB6 /* Help.app */ = {isa = PBXFileReference; explicitFileType = wrapper.application; includeInIndex = 0; path = Help.app; sourceTree = BUILT_PRODUCTS_DIR; };
		81BE279918F8B98200FC0EB6 /* Foundation.framework */ = {isa = PBXFileReference; lastKnownFileType = wrapper.framework; name = Foundation.framework; path = System/Library/Frameworks/Foundation.framework; sourceTree = SDKROOT; };
		81BE279B18F8B98200FC0EB6 /* CoreGraphics.framework */ = {isa = PBXFileReference; lastKnownFileType = wrapper.framework; name = CoreGraphics.framework; path = System/Library/Frameworks/CoreGraphics.framework; sourceTree = SDKROOT; };
		81BE279D18F8B98200FC0EB6 /* UIKit.framework */ = {isa = PBXFileReference; lastKnownFileType = wrapper.framework; name = UIKit.framework; path = System/Library/Frameworks/UIKit.framework; sourceTree = SDKROOT; };
		81BE27A118F8B98200FC0EB6 /* Help-Info.plist */ = {isa = PBXFileReference; lastKnownFileType = text.plist.xml; path = "Help-Info.plist"; sourceTree = "<group>"; };
		81BE27A318F8B98200FC0EB6 /* en */ = {isa = PBXFileReference; lastKnownFileType = text.plist.strings; name = en; path = en.lproj/InfoPlist.strings; sourceTree = "<group>"; };
		81BE27A518F8B98200FC0EB6 /* main.m */ = {isa = PBXFileReference; lastKnownFileType = sourcecode.c.objc; path = main.m; sourceTree = "<group>"; };
		81BE27A718F8B98200FC0EB6 /* Help-Prefix.pch */ = {isa = PBXFileReference; lastKnownFileType = sourcecode.c.h; path = "Help-Prefix.pch"; sourceTree = "<group>"; };
		81BE27A818F8B98200FC0EB6 /* AppDelegate.h */ = {isa = PBXFileReference; lastKnownFileType = sourcecode.c.h; path = AppDelegate.h; sourceTree = "<group>"; };
		81BE27A918F8B98200FC0EB6 /* AppDelegate.m */ = {isa = PBXFileReference; lastKnownFileType = sourcecode.c.objc; path = AppDelegate.m; sourceTree = "<group>"; };
		81BE27AC18F8B98200FC0EB6 /* Base */ = {isa = PBXFileReference; lastKnownFileType = file.storyboard; name = Base; path = Base.lproj/Main.storyboard; sourceTree = "<group>"; };
		81BE27AE18F8B98200FC0EB6 /* HelpeeViewController.h */ = {isa = PBXFileReference; lastKnownFileType = sourcecode.c.h; path = HelpeeViewController.h; sourceTree = "<group>"; };
		81BE27AF18F8B98200FC0EB6 /* HelpeeViewController.m */ = {isa = PBXFileReference; lastKnownFileType = sourcecode.c.objc; path = HelpeeViewController.m; sourceTree = "<group>"; };
		81BE27B118F8B98200FC0EB6 /* Images.xcassets */ = {isa = PBXFileReference; lastKnownFileType = folder.assetcatalog; path = Images.xcassets; sourceTree = "<group>"; };
		81BE27B718F8B98200FC0EB6 /* HelpTests.xctest */ = {isa = PBXFileReference; explicitFileType = wrapper.cfbundle; includeInIndex = 0; path = HelpTests.xctest; sourceTree = BUILT_PRODUCTS_DIR; };
		81BE27B818F8B98200FC0EB6 /* XCTest.framework */ = {isa = PBXFileReference; lastKnownFileType = wrapper.framework; name = XCTest.framework; path = Library/Frameworks/XCTest.framework; sourceTree = DEVELOPER_DIR; };
		81BE27C018F8B98200FC0EB6 /* HelpTests-Info.plist */ = {isa = PBXFileReference; lastKnownFileType = text.plist.xml; path = "HelpTests-Info.plist"; sourceTree = "<group>"; };
		81BE27C218F8B98200FC0EB6 /* en */ = {isa = PBXFileReference; lastKnownFileType = text.plist.strings; name = en; path = en.lproj/InfoPlist.strings; sourceTree = "<group>"; };
		81BE27C418F8B98200FC0EB6 /* HelpTests.m */ = {isa = PBXFileReference; lastKnownFileType = sourcecode.c.objc; path = HelpTests.m; sourceTree = "<group>"; };
		81BE27CE18F8C05300FC0EB6 /* MapKit.framework */ = {isa = PBXFileReference; lastKnownFileType = wrapper.framework; name = MapKit.framework; path = System/Library/Frameworks/MapKit.framework; sourceTree = SDKROOT; };
		81BE27D018F8EB2100FC0EB6 /* HelperViewController.h */ = {isa = PBXFileReference; fileEncoding = 4; lastKnownFileType = sourcecode.c.h; path = HelperViewController.h; sourceTree = "<group>"; };
		81BE27D118F8EB2100FC0EB6 /* HelperViewController.m */ = {isa = PBXFileReference; fileEncoding = 4; lastKnownFileType = sourcecode.c.objc; path = HelperViewController.m; sourceTree = "<group>"; };
		81BE27D318F8F80B00FC0EB6 /* CoreLocation.framework */ = {isa = PBXFileReference; lastKnownFileType = wrapper.framework; name = CoreLocation.framework; path = System/Library/Frameworks/CoreLocation.framework; sourceTree = SDKROOT; };
		81BE27D518F90ACF00FC0EB6 /* CustomAnnotation.h */ = {isa = PBXFileReference; fileEncoding = 4; lastKnownFileType = sourcecode.c.h; path = CustomAnnotation.h; sourceTree = "<group>"; };
		81BE27D618F90ACF00FC0EB6 /* CustomAnnotation.m */ = {isa = PBXFileReference; fileEncoding = 4; lastKnownFileType = sourcecode.c.objc; path = CustomAnnotation.m; sourceTree = "<group>"; };
/* End PBXFileReference section */

/* Begin PBXFrameworksBuildPhase section */
		81BE279318F8B98200FC0EB6 /* Frameworks */ = {
			isa = PBXFrameworksBuildPhase;
			buildActionMask = 2147483647;
			files = (
				81BE27D418F8F80B00FC0EB6 /* CoreLocation.framework in Frameworks */,
				81BE27CF18F8C05300FC0EB6 /* MapKit.framework in Frameworks */,
				81BE279C18F8B98200FC0EB6 /* CoreGraphics.framework in Frameworks */,
				81BE279E18F8B98200FC0EB6 /* UIKit.framework in Frameworks */,
				81BE279A18F8B98200FC0EB6 /* Foundation.framework in Frameworks */,
			);
			runOnlyForDeploymentPostprocessing = 0;
		};
		81BE27B418F8B98200FC0EB6 /* Frameworks */ = {
			isa = PBXFrameworksBuildPhase;
			buildActionMask = 2147483647;
			files = (
				81BE27B918F8B98200FC0EB6 /* XCTest.framework in Frameworks */,
				81BE27BB18F8B98200FC0EB6 /* UIKit.framework in Frameworks */,
				81BE27BA18F8B98200FC0EB6 /* Foundation.framework in Frameworks */,
			);
			runOnlyForDeploymentPostprocessing = 0;
		};
/* End PBXFrameworksBuildPhase section */

/* Begin PBXGroup section */
		81BE278D18F8B98200FC0EB6 = {
			isa = PBXGroup;
			children = (
				81BE279F18F8B98200FC0EB6 /* Help */,
				81BE27BE18F8B98200FC0EB6 /* HelpTests */,
				81BE279818F8B98200FC0EB6 /* Frameworks */,
				81BE279718F8B98200FC0EB6 /* Products */,
			);
			sourceTree = "<group>";
		};
		81BE279718F8B98200FC0EB6 /* Products */ = {
			isa = PBXGroup;
			children = (
				81BE279618F8B98200FC0EB6 /* Help.app */,
				81BE27B718F8B98200FC0EB6 /* HelpTests.xctest */,
			);
			name = Products;
			sourceTree = "<group>";
		};
		81BE279818F8B98200FC0EB6 /* Frameworks */ = {
			isa = PBXGroup;
			children = (
				81BE27D318F8F80B00FC0EB6 /* CoreLocation.framework */,
				81BE27CE18F8C05300FC0EB6 /* MapKit.framework */,
				81BE279918F8B98200FC0EB6 /* Foundation.framework */,
				81BE279B18F8B98200FC0EB6 /* CoreGraphics.framework */,
				81BE279D18F8B98200FC0EB6 /* UIKit.framework */,
				81BE27B818F8B98200FC0EB6 /* XCTest.framework */,
			);
			name = Frameworks;
			sourceTree = "<group>";
		};
		81BE279F18F8B98200FC0EB6 /* Help */ = {
			isa = PBXGroup;
			children = (
				81BE27D518F90ACF00FC0EB6 /* CustomAnnotation.h */,
				81BE27D618F90ACF00FC0EB6 /* CustomAnnotation.m */,
				81BE27A818F8B98200FC0EB6 /* AppDelegate.h */,
				81BE27A918F8B98200FC0EB6 /* AppDelegate.m */,
				81BE27AB18F8B98200FC0EB6 /* Main.storyboard */,
				81BE27AE18F8B98200FC0EB6 /* HelpeeViewController.h */,
				81BE27AF18F8B98200FC0EB6 /* HelpeeViewController.m */,
				81BE27B118F8B98200FC0EB6 /* Images.xcassets */,
				81BE27A018F8B98200FC0EB6 /* Supporting Files */,
				81BE27D018F8EB2100FC0EB6 /* HelperViewController.h */,
				81BE27D118F8EB2100FC0EB6 /* HelperViewController.m */,
			);
			path = Help;
			sourceTree = "<group>";
		};
		81BE27A018F8B98200FC0EB6 /* Supporting Files */ = {
			isa = PBXGroup;
			children = (
				81BE27A118F8B98200FC0EB6 /* Help-Info.plist */,
				81BE27A218F8B98200FC0EB6 /* InfoPlist.strings */,
				81BE27A518F8B98200FC0EB6 /* main.m */,
				81BE27A718F8B98200FC0EB6 /* Help-Prefix.pch */,
			);
			name = "Supporting Files";
			sourceTree = "<group>";
		};
		81BE27BE18F8B98200FC0EB6 /* HelpTests */ = {
			isa = PBXGroup;
			children = (
				81BE27C418F8B98200FC0EB6 /* HelpTests.m */,
				81BE27BF18F8B98200FC0EB6 /* Supporting Files */,
			);
			path = HelpTests;
			sourceTree = "<group>";
		};
		81BE27BF18F8B98200FC0EB6 /* Supporting Files */ = {
			isa = PBXGroup;
			children = (
				81BE27C018F8B98200FC0EB6 /* HelpTests-Info.plist */,
				81BE27C118F8B98200FC0EB6 /* InfoPlist.strings */,
			);
			name = "Supporting Files";
			sourceTree = "<group>";
		};
/* End PBXGroup section */

/* Begin PBXNativeTarget section */
		81BE279518F8B98200FC0EB6 /* Help */ = {
			isa = PBXNativeTarget;
			buildConfigurationList = 81BE27C818F8B98200FC0EB6 /* Build configuration list for PBXNativeTarget "Help" */;
			buildPhases = (
				81BE279218F8B98200FC0EB6 /* Sources */,
				81BE279318F8B98200FC0EB6 /* Frameworks */,
				81BE279418F8B98200FC0EB6 /* Resources */,
			);
			buildRules = (
			);
			dependencies = (
			);
			name = Help;
			productName = Help;
			productReference = 81BE279618F8B98200FC0EB6 /* Help.app */;
			productType = "com.apple.product-type.application";
		};
		81BE27B618F8B98200FC0EB6 /* HelpTests */ = {
			isa = PBXNativeTarget;
			buildConfigurationList = 81BE27CB18F8B98200FC0EB6 /* Build configuration list for PBXNativeTarget "HelpTests" */;
			buildPhases = (
				81BE27B318F8B98200FC0EB6 /* Sources */,
				81BE27B418F8B98200FC0EB6 /* Frameworks */,
				81BE27B518F8B98200FC0EB6 /* Resources */,
			);
			buildRules = (
			);
			dependencies = (
				81BE27BD18F8B98200FC0EB6 /* PBXTargetDependency */,
			);
			name = HelpTests;
			productName = HelpTests;
			productReference = 81BE27B718F8B98200FC0EB6 /* HelpTests.xctest */;
			productType = "com.apple.product-type.bundle.unit-test";
		};
/* End PBXNativeTarget section */

/* Begin PBXProject section */
		81BE278E18F8B98200FC0EB6 /* Project object */ = {
			isa = PBXProject;
			attributes = {
				LastUpgradeCheck = 0510;
				ORGANIZATIONNAME = Me;
				TargetAttributes = {
					81BE279518F8B98200FC0EB6 = {
						SystemCapabilities = {
							com.apple.BackgroundModes = {
								enabled = 1;
							};
						};
					};
					81BE27B618F8B98200FC0EB6 = {
						TestTargetID = 81BE279518F8B98200FC0EB6;
					};
				};
			};
			buildConfigurationList = 81BE279118F8B98200FC0EB6 /* Build configuration list for PBXProject "Help" */;
			compatibilityVersion = "Xcode 3.2";
			developmentRegion = English;
			hasScannedForEncodings = 0;
			knownRegions = (
				en,
				Base,
			);
			mainGroup = 81BE278D18F8B98200FC0EB6;
			productRefGroup = 81BE279718F8B98200FC0EB6 /* Products */;
			projectDirPath = "";
			projectRoot = "";
			targets = (
				81BE279518F8B98200FC0EB6 /* Help */,
				81BE27B618F8B98200FC0EB6 /* HelpTests */,
			);
		};
/* End PBXProject section */

/* Begin PBXResourcesBuildPhase section */
		81BE279418F8B98200FC0EB6 /* Resources */ = {
			isa = PBXResourcesBuildPhase;
			buildActionMask = 2147483647;
			files = (
				81BE27B218F8B98200FC0EB6 /* Images.xcassets in Resources */,
				81BE27A418F8B98200FC0EB6 /* InfoPlist.strings in Resources */,
				81BE27AD18F8B98200FC0EB6 /* Main.storyboard in Resources */,
			);
			runOnlyForDeploymentPostprocessing = 0;
		};
		81BE27B518F8B98200FC0EB6 /* Resources */ = {
			isa = PBXResourcesBuildPhase;
			buildActionMask = 2147483647;
			files = (
				81BE27C318F8B98200FC0EB6 /* InfoPlist.strings in Resources */,
			);
			runOnlyForDeploymentPostprocessing = 0;
		};
/* End PBXResourcesBuildPhase section */

/* Begin PBXSourcesBuildPhase section */
		81BE279218F8B98200FC0EB6 /* Sources */ = {
			isa = PBXSourcesBuildPhase;
			buildActionMask = 2147483647;
			files = (
				81BE27D718F90ACF00FC0EB6 /* CustomAnnotation.m in Sources */,
				81BE27D218F8EB2100FC0EB6 /* HelperViewController.m in Sources */,
				81BE27B018F8B98200FC0EB6 /* HelpeeViewController.m in Sources */,
				81BE27AA18F8B98200FC0EB6 /* AppDelegate.m in Sources */,
				81BE27A618F8B98200FC0EB6 /* main.m in Sources */,
			);
			runOnlyForDeploymentPostprocessing = 0;
		};
		81BE27B318F8B98200FC0EB6 /* Sources */ = {
			isa = PBXSourcesBuildPhase;
			buildActionMask = 2147483647;
			files = (
				81BE27C518F8B98200FC0EB6 /* HelpTests.m in Sources */,
			);
			runOnlyForDeploymentPostprocessing = 0;
		};
/* End PBXSourcesBuildPhase section */

/* Begin PBXTargetDependency section */
		81BE27BD18F8B98200FC0EB6 /* PBXTargetDependency */ = {
			isa = PBXTargetDependency;
			target = 81BE279518F8B98200FC0EB6 /* Help */;
			targetProxy = 81BE27BC18F8B98200FC0EB6 /* PBXContainerItemProxy */;
		};
/* End PBXTargetDependency section */

/* Begin PBXVariantGroup section */
		81BE27A218F8B98200FC0EB6 /* InfoPlist.strings */ = {
			isa = PBXVariantGroup;
			children = (
				81BE27A318F8B98200FC0EB6 /* en */,
			);
			name = InfoPlist.strings;
			sourceTree = "<group>";
		};
		81BE27AB18F8B98200FC0EB6 /* Main.storyboard */ = {
			isa = PBXVariantGroup;
			children = (
				81BE27AC18F8B98200FC0EB6 /* Base */,
			);
			name = Main.storyboard;
			sourceTree = "<group>";
		};
		81BE27C118F8B98200FC0EB6 /* InfoPlist.strings */ = {
			isa = PBXVariantGroup;
			children = (
				81BE27C218F8B98200FC0EB6 /* en */,
			);
			name = InfoPlist.strings;
			sourceTree = "<group>";
		};
/* End PBXVariantGroup section */

/* Begin XCBuildConfiguration section */
		81BE27C618F8B98200FC0EB6 /* Debug */ = {
			isa = XCBuildConfiguration;
			buildSettings = {
				ALWAYS_SEARCH_USER_PATHS = NO;
				CLANG_CXX_LANGUAGE_STANDARD = "gnu++0x";
				CLANG_CXX_LIBRARY = "libc++";
				CLANG_ENABLE_MODULES = YES;
				CLANG_ENABLE_OBJC_ARC = YES;
				CLANG_WARN_BOOL_CONVERSION = YES;
				CLANG_WARN_CONSTANT_CONVERSION = YES;
				CLANG_WARN_DIRECT_OBJC_ISA_USAGE = YES_ERROR;
				CLANG_WARN_EMPTY_BODY = YES;
				CLANG_WARN_ENUM_CONVERSION = YES;
				CLANG_WARN_INT_CONVERSION = YES;
				CLANG_WARN_OBJC_ROOT_CLASS = YES_ERROR;
				CLANG_WARN__DUPLICATE_METHOD_MATCH = YES;
				"CODE_SIGN_IDENTITY[sdk=iphoneos*]" = "iPhone Developer";
				COPY_PHASE_STRIP = NO;
				GCC_C_LANGUAGE_STANDARD = gnu99;
				GCC_DYNAMIC_NO_PIC = NO;
				GCC_OPTIMIZATION_LEVEL = 0;
				GCC_PREPROCESSOR_DEFINITIONS = (
					"DEBUG=1",
					"$(inherited)",
				);
				GCC_SYMBOLS_PRIVATE_EXTERN = NO;
				GCC_WARN_64_TO_32_BIT_CONVERSION = YES;
				GCC_WARN_ABOUT_RETURN_TYPE = YES_ERROR;
				GCC_WARN_UNDECLARED_SELECTOR = YES;
				GCC_WARN_UNINITIALIZED_AUTOS = YES_AGGRESSIVE;
				GCC_WARN_UNUSED_FUNCTION = YES;
				GCC_WARN_UNUSED_VARIABLE = YES;
				IPHONEOS_DEPLOYMENT_TARGET = 7.1;
				ONLY_ACTIVE_ARCH = YES;
				SDKROOT = iphoneos;
			};
			name = Debug;
		};
		81BE27C718F8B98200FC0EB6 /* Release */ = {
			isa = XCBuildConfiguration;
			buildSettings = {
				ALWAYS_SEARCH_USER_PATHS = NO;
				CLANG_CXX_LANGUAGE_STANDARD = "gnu++0x";
				CLANG_CXX_LIBRARY = "libc++";
				CLANG_ENABLE_MODULES = YES;
				CLANG_ENABLE_OBJC_ARC = YES;
				CLANG_WARN_BOOL_CONVERSION = YES;
				CLANG_WARN_CONSTANT_CONVERSION = YES;
				CLANG_WARN_DIRECT_OBJC_ISA_USAGE = YES_ERROR;
				CLANG_WARN_EMPTY_BODY = YES;
				CLANG_WARN_ENUM_CONVERSION = YES;
				CLANG_WARN_INT_CONVERSION = YES;
				CLANG_WARN_OBJC_ROOT_CLASS = YES_ERROR;
				CLANG_WARN__DUPLICATE_METHOD_MATCH = YES;
				"CODE_SIGN_IDENTITY[sdk=iphoneos*]" = "iPhone Developer";
				COPY_PHASE_STRIP = YES;
				ENABLE_NS_ASSERTIONS = NO;
				GCC_C_LANGUAGE_STANDARD = gnu99;
				GCC_WARN_64_TO_32_BIT_CONVERSION = YES;
				GCC_WARN_ABOUT_RETURN_TYPE = YES_ERROR;
				GCC_WARN_UNDECLARED_SELECTOR = YES;
				GCC_WARN_UNINITIALIZED_AUTOS = YES_AGGRESSIVE;
				GCC_WARN_UNUSED_FUNCTION = YES;
				GCC_WARN_UNUSED_VARIABLE = YES;
				IPHONEOS_DEPLOYMENT_TARGET = 7.1;
				SDKROOT = iphoneos;
				VALIDATE_PRODUCT = YES;
			};
			name = Release;
		};
		81BE27C918F8B98200FC0EB6 /* Debug */ = {
			isa = XCBuildConfiguration;
			buildSettings = {
				ASSETCATALOG_COMPILER_APPICON_NAME = AppIcon;
				ASSETCATALOG_COMPILER_LAUNCHIMAGE_NAME = LaunchImage;
				"CODE_SIGN_IDENTITY[sdk=iphoneos*]" = "Apple Development IOS Push Services: com.quinnox.pushtest";
				GCC_PRECOMPILE_PREFIX_HEADER = YES;
				GCC_PREFIX_HEADER = "Help/Help-Prefix.pch";
				INFOPLIST_FILE = "Help/Help-Info.plist";
				PRODUCT_NAME = "$(TARGET_NAME)";
				PROVISIONING_PROFILE = "D99266D6-E77F-4F4B-9069-77F5B31D7636";
				WRAPPER_EXTENSION = app;
			};
			name = Debug;
		};
		81BE27CA18F8B98200FC0EB6 /* Release */ = {
			isa = XCBuildConfiguration;
			buildSettings = {
				ASSETCATALOG_COMPILER_APPICON_NAME = AppIcon;
				ASSETCATALOG_COMPILER_LAUNCHIMAGE_NAME = LaunchImage;
				"CODE_SIGN_IDENTITY[sdk=iphoneos*]" = "Apple Development IOS Push Services: com.quinnox.pushtest";
				GCC_PRECOMPILE_PREFIX_HEADER = YES;
				GCC_PREFIX_HEADER = "Help/Help-Prefix.pch";
				INFOPLIST_FILE = "Help/Help-Info.plist";
				PRODUCT_NAME = "$(TARGET_NAME)";
				PROVISIONING_PROFILE = "D99266D6-E77F-4F4B-9069-77F5B31D7636";
				WRAPPER_EXTENSION = app;
			};
			name = Release;
		};
		81BE27CC18F8B98200FC0EB6 /* Debug */ = {
			isa = XCBuildConfiguration;
			buildSettings = {
				BUNDLE_LOADER = "$(BUILT_PRODUCTS_DIR)/Help.app/Help";
				FRAMEWORK_SEARCH_PATHS = (
					"$(SDKROOT)/Developer/Library/Frameworks",
					"$(inherited)",
					"$(DEVELOPER_FRAMEWORKS_DIR)",
				);
				GCC_PRECOMPILE_PREFIX_HEADER = YES;
				GCC_PREFIX_HEADER = "Help/Help-Prefix.pch";
				GCC_PREPROCESSOR_DEFINITIONS = (
					"DEBUG=1",
					"$(inherited)",
				);
				INFOPLIST_FILE = "HelpTests/HelpTests-Info.plist";
				PRODUCT_NAME = "$(TARGET_NAME)";
				TEST_HOST = "$(BUNDLE_LOADER)";
				WRAPPER_EXTENSION = xctest;
			};
			name = Debug;
		};
		81BE27CD18F8B98200FC0EB6 /* Release */ = {
			isa = XCBuildConfiguration;
			buildSettings = {
				BUNDLE_LOADER = "$(BUILT_PRODUCTS_DIR)/Help.app/Help";
				FRAMEWORK_SEARCH_PATHS = (
					"$(SDKROOT)/Developer/Library/Frameworks",
					"$(inherited)",
					"$(DEVELOPER_FRAMEWORKS_DIR)",
				);
				GCC_PRECOMPILE_PREFIX_HEADER = YES;
				GCC_PREFIX_HEADER = "Help/Help-Prefix.pch";
				INFOPLIST_FILE = "HelpTests/HelpTests-Info.plist";
				PRODUCT_NAME = "$(TARGET_NAME)";
				TEST_HOST = "$(BUNDLE_LOADER)";
				WRAPPER_EXTENSION = xctest;
			};
			name = Release;
		};
/* End XCBuildConfiguration section */

/* Begin XCConfigurationList section */
		81BE279118F8B98200FC0EB6 /* Build configuration list for PBXProject "Help" */ = {
			isa = XCConfigurationList;
			buildConfigurations = (
				81BE27C618F8B98200FC0EB6 /* Debug */,
				81BE27C718F8B98200FC0EB6 /* Release */,
			);
			defaultConfigurationIsVisible = 0;
			defaultConfigurationName = Release;
		};
		81BE27C818F8B98200FC0EB6 /* Build configuration list for PBXNativeTarget "Help" */ = {
			isa = XCConfigurationList;
			buildConfigurations = (
				81BE27C918F8B98200FC0EB6 /* Debug */,
				81BE27CA18F8B98200FC0EB6 /* Release */,
			);
			defaultConfigurationIsVisible = 0;
		};
		81BE27CB18F8B98200FC0EB6 /* Build configuration list for PBXNativeTarget "HelpTests" */ = {
			isa = XCConfigurationList;
			buildConfigurations = (
				81BE27CC18F8B98200FC0EB6 /* Debug */,
				81BE27CD18F8B98200FC0EB6 /* Release */,
			);
			defaultConfigurationIsVisible = 0;
		};
/* End XCConfigurationList section */
	};
	rootObject = 81BE278E18F8B98200FC0EB6 /* Project object */;
}
